// !$*UTF8*$!
{
	archiveVersion = 1;
	classes = {
	};
	objectVersion = 46;
	objects = {

/* Begin PBXBuildFile section */
		1CA6D9731CFDB4BA00067ADE /* TopFadingScrollView.swift in Sources */ = {isa = PBXBuildFile; fileRef = 1CA6D9721CFDB4BA00067ADE /* TopFadingScrollView.swift */; };
		1CC2D68F1CF3BB3000717CD0 /* AppDelegate.swift in Sources */ = {isa = PBXBuildFile; fileRef = 1CC2D68E1CF3BB3000717CD0 /* AppDelegate.swift */; };
		1CC2D6911CF3BB3000717CD0 /* ViewController.swift in Sources */ = {isa = PBXBuildFile; fileRef = 1CC2D6901CF3BB3000717CD0 /* ViewController.swift */; };
		1CC2D6941CF3BB3000717CD0 /* Main.storyboard in Resources */ = {isa = PBXBuildFile; fileRef = 1CC2D6921CF3BB3000717CD0 /* Main.storyboard */; };
		1CC2D6961CF3BB3000717CD0 /* Assets.xcassets in Resources */ = {isa = PBXBuildFile; fileRef = 1CC2D6951CF3BB3000717CD0 /* Assets.xcassets */; };
		1CC2D6991CF3BB3000717CD0 /* LaunchScreen.storyboard in Resources */ = {isa = PBXBuildFile; fileRef = 1CC2D6971CF3BB3000717CD0 /* LaunchScreen.storyboard */; };
/* End PBXBuildFile section */

/* Begin PBXFileReference section */
		1CA6D9721CFDB4BA00067ADE /* TopFadingScrollView.swift */ = {isa = PBXFileReference; fileEncoding = 4; lastKnownFileType = sourcecode.swift; path = TopFadingScrollView.swift; sourceTree = "<group>"; };
		1CC2D68B1CF3BB3000717CD0 /* AnimationClub_Tableview.app */ = {isa = PBXFileReference; explicitFileType = wrapper.application; includeInIndex = 0; path = AnimationClub_Tableview.app; sourceTree = BUILT_PRODUCTS_DIR; };
		1CC2D68E1CF3BB3000717CD0 /* AppDelegate.swift */ = {isa = PBXFileReference; lastKnownFileType = sourcecode.swift; path = AppDelegate.swift; sourceTree = "<group>"; };
		1CC2D6901CF3BB3000717CD0 /* ViewController.swift */ = {isa = PBXFileReference; lastKnownFileType = sourcecode.swift; path = ViewController.swift; sourceTree = "<group>"; };
		1CC2D6931CF3BB3000717CD0 /* Base */ = {isa = PBXFileReference; lastKnownFileType = file.storyboard; name = Base; path = Base.lproj/Main.storyboard; sourceTree = "<group>"; };
		1CC2D6951CF3BB3000717CD0 /* Assets.xcassets */ = {isa = PBXFileReference; lastKnownFileType = folder.assetcatalog; path = Assets.xcassets; sourceTree = "<group>"; };
		1CC2D6981CF3BB3000717CD0 /* Base */ = {isa = PBXFileReference; lastKnownFileType = file.storyboard; name = Base; path = Base.lproj/LaunchScreen.storyboard; sourceTree = "<group>"; };
		1CC2D69A1CF3BB3000717CD0 /* Info.plist */ = {isa = PBXFileReference; lastKnownFileType = text.plist.xml; path = Info.plist; sourceTree = "<group>"; };
/* End PBXFileReference section */

/* Begin PBXFrameworksBuildPhase section */
		1CC2D6881CF3BB3000717CD0 /* Frameworks */ = {
			isa = PBXFrameworksBuildPhase;
			buildActionMask = 2147483647;
			files = (
			);
			runOnlyForDeploymentPostprocessing = 0;
		};
/* End PBXFrameworksBuildPhase section */

/* Begin PBXGroup section */
		1CC2D6821CF3BB3000717CD0 = {
			isa = PBXGroup;
			children = (
				1CC2D68D1CF3BB3000717CD0 /* AnimationClub_Tableview */,
				1CC2D68C1CF3BB3000717CD0 /* Products */,
			);
			sourceTree = "<group>";
		};
		1CC2D68C1CF3BB3000717CD0 /* Products */ = {
			isa = PBXGroup;
			children = (
				1CC2D68B1CF3BB3000717CD0 /* AnimationClub_Tableview.app */,
			);
			name = Products;
			sourceTree = "<group>";
		};
		1CC2D68D1CF3BB3000717CD0 /* AnimationClub_Tableview */ = {
			isa = PBXGroup;
			children = (
				1CC2D68E1CF3BB3000717CD0 /* AppDelegate.swift */,
				1CC2D6901CF3BB3000717CD0 /* ViewController.swift */,
				1CC2D6921CF3BB3000717CD0 /* Main.storyboard */,
				1CA6D9721CFDB4BA00067ADE /* TopFadingScrollView.swift */,
				1CC2D6951CF3BB3000717CD0 /* Assets.xcassets */,
				1CC2D6971CF3BB3000717CD0 /* LaunchScreen.storyboard */,
				1CC2D69A1CF3BB3000717CD0 /* Info.plist */,
			);
			path = AnimationClub_Tableview;
			sourceTree = "<group>";
		};
/* End PBXGroup section */

/* Begin PBXNativeTarget section */
		1CC2D68A1CF3BB3000717CD0 /* AnimationClub_Tableview */ = {
			isa = PBXNativeTarget;
			buildConfigurationList = 1CC2D69D1CF3BB3000717CD0 /* Build configuration list for PBXNativeTarget "AnimationClub_Tableview" */;
			buildPhases = (
				1CC2D6871CF3BB3000717CD0 /* Sources */,
				1CC2D6881CF3BB3000717CD0 /* Frameworks */,
				1CC2D6891CF3BB3000717CD0 /* Resources */,
			);
			buildRules = (
			);
			dependencies = (
			);
			name = AnimationClub_Tableview;
			productName = AnimationClub_Tableview;
			productReference = 1CC2D68B1CF3BB3000717CD0 /* AnimationClub_Tableview.app */;
			productType = "com.apple.product-type.application";
		};
/* End PBXNativeTarget section */

/* Begin PBXProject section */
		1CC2D6831CF3BB3000717CD0 /* Project object */ = {
			isa = PBXProject;
			attributes = {
				LastSwiftUpdateCheck = 0730;
				LastUpgradeCheck = 0730;
				ORGANIZATIONNAME = "Paul Rolfe";
				TargetAttributes = {
					1CC2D68A1CF3BB3000717CD0 = {
						CreatedOnToolsVersion = 7.3;
					};
				};
			};
			buildConfigurationList = 1CC2D6861CF3BB3000717CD0 /* Build configuration list for PBXProject "AnimationClub_Tableview" */;
			compatibilityVersion = "Xcode 3.2";
			developmentRegion = English;
			hasScannedForEncodings = 0;
			knownRegions = (
				en,
				Base,
			);
			mainGroup = 1CC2D6821CF3BB3000717CD0;
			productRefGroup = 1CC2D68C1CF3BB3000717CD0 /* Products */;
			projectDirPath = "";
			projectRoot = "";
			targets = (
				1CC2D68A1CF3BB3000717CD0 /* AnimationClub_Tableview */,
			);
		};
/* End PBXProject section */

/* Begin PBXResourcesBuildPhase section */
		1CC2D6891CF3BB3000717CD0 /* Resources */ = {
			isa = PBXResourcesBuildPhase;
			buildActionMask = 2147483647;
			files = (
				1CC2D6991CF3BB3000717CD0 /* LaunchScreen.storyboard in Resources */,
				1CC2D6961CF3BB3000717CD0 /* Assets.xcassets in Resources */,
				1CC2D6941CF3BB3000717CD0 /* Main.storyboard in Resources */,
			);
			runOnlyForDeploymentPostprocessing = 0;
		};
/* End PBXResourcesBuildPhase section */

/* Begin PBXSourcesBuildPhase section */
		1CC2D6871CF3BB3000717CD0 /* Sources */ = {
			isa = PBXSourcesBuildPhase;
			buildActionMask = 2147483647;
			files = (
				1CC2D6911CF3BB3000717CD0 /* ViewController.swift in Sources */,
				1CA6D9731CFDB4BA00067ADE /* TopFadingScrollView.swift in Sources */,
				1CC2D68F1CF3BB3000717CD0 /* AppDelegate.swift in Sources */,
			);
			runOnlyForDeploymentPostprocessing = 0;
		};
/* End PBXSourcesBuildPhase section */

/* Begin PBXVariantGroup section */
		1CC2D6921CF3BB3000717CD0 /* Main.storyboard */ = {
			isa = PBXVariantGroup;
			children = (
				1CC2D6931CF3BB3000717CD0 /* Base */,
			);
			name = Main.storyboard;
			sourceTree = "<group>";
		};
		1CC2D6971CF3BB3000717CD0 /* LaunchScreen.storyboard */ = {
			isa = PBXVariantGroup;
			children = (
				1CC2D6981CF3BB3000717CD0 /* Base */,
			);
			name = LaunchScreen.storyboard;
			sourceTree = "<group>";
		};
/* End PBXVariantGroup section */

/* Begin XCBuildConfiguration section */
		1CC2D69B1CF3BB3000717CD0 /* Debug */ = {
			isa = XCBuildConfiguration;
			buildSettings = {
				ALWAYS_SEARCH_USER_PATHS = NO;
				CLANG_ANALYZER_NONNULL = YES;
				CLANG_CXX_LANGUAGE_STANDARD = "gnu++0x";
				CLANG_CXX_LIBRARY = "libc++";
				CLANG_ENABLE_MODULES = YES;
				CLANG_ENABLE_OBJC_ARC = YES;
				CLANG_WARN_BOOL_CONVERSION = YES;
				CLANG_WARN_CONSTANT_CONVERSION = YES;
				CLANG_WARN_DIRECT_OBJC_ISA_USAGE = YES_ERROR;
				CLANG_WARN_EMPTY_BODY = YES;
				CLANG_WARN_ENUM_CONVERSION = YES;
				CLANG_WARN_INT_CONVERSION = YES;
				CLANG_WARN_OBJC_ROOT_CLASS = YES_ERROR;
				CLANG_WARN_UNREACHABLE_CODE = YES;
				CLANG_WARN__DUPLICATE_METHOD_MATCH = YES;
				"CODE_SIGN_IDENTITY[sdk=iphoneos*]" = "iPhone Developer";
				COPY_PHASE_STRIP = NO;
				DEBUG_INFORMATION_FORMAT = dwarf;
				ENABLE_STRICT_OBJC_MSGSEND = YES;
				ENABLE_TESTABILITY = YES;
				GCC_C_LANGUAGE_STANDARD = gnu99;
				GCC_DYNAMIC_NO_PIC = NO;
				GCC_NO_COMMON_BLOCKS = YES;
				GCC_OPTIMIZATION_LEVEL = 0;
				GCC_PREPROCESSOR_DEFINITIONS = (
					"DEBUG=1",
					"$(inherited)",
				);
				GCC_WARN_64_TO_32_BIT_CONVERSION = YES;
				GCC_WARN_ABOUT_RETURN_TYPE = YES_ERROR;
				GCC_WARN_UNDECLARED_SELECTOR = YES;
				GCC_WARN_UNINITIALIZED_AUTOS = YES_AGGRESSIVE;
				GCC_WARN_UNUSED_FUNCTION = YES;
				GCC_WARN_UNUSED_VARIABLE = YES;
				IPHONEOS_DEPLOYMENT_TARGET = 9.3;
				MTL_ENABLE_DEBUG_INFO = YES;
				ONLY_ACTIVE_ARCH = YES;
				SDKROOT = iphoneos;
				SWIFT_OPTIMIZATION_LEVEL = "-Onone";
				TARGETED_DEVICE_FAMILY = "1,2";
			};
			name = Debug;
		};
		1CC2D69C1CF3BB3000717CD0 /* Release */ = {
			isa = XCBuildConfiguration;
			buildSettings = {
				ALWAYS_SEARCH_USER_PATHS = NO;
				CLANG_ANALYZER_NONNULL = YES;
				CLANG_CXX_LANGUAGE_STANDARD = "gnu++0x";
				CLANG_CXX_LIBRARY = "libc++";
				CLANG_ENABLE_MODULES = YES;
				CLANG_ENABLE_OBJC_ARC = YES;
				CLANG_WARN_BOOL_CONVERSION = YES;
				CLANG_WARN_CONSTANT_CONVERSION = YES;
				CLANG_WARN_DIRECT_OBJC_ISA_USAGE = YES_ERROR;
				CLANG_WARN_EMPTY_BODY = YES;
				CLANG_WARN_ENUM_CONVERSION = YES;
				CLANG_WARN_INT_CONVERSION = YES;
				CLANG_WARN_OBJC_ROOT_CLASS = YES_ERROR;
				CLANG_WARN_UNREACHABLE_CODE = YES;
				CLANG_WARN__DUPLICATE_METHOD_MATCH = YES;
				"CODE_SIGN_IDENTITY[sdk=iphoneos*]" = "iPhone Developer";
				COPY_PHASE_STRIP = NO;
				DEBUG_INFORMATION_FORMAT = "dwarf-with-dsym";
				ENABLE_NS_ASSERTIONS = NO;
				ENABLE_STRICT_OBJC_MSGSEND = YES;
				GCC_C_LANGUAGE_STANDARD = gnu99;
				GCC_NO_COMMON_BLOCKS = YES;
				GCC_WARN_64_TO_32_BIT_CONVERSION = YES;
				GCC_WARN_ABOUT_RETURN_TYPE = YES_ERROR;
				GCC_WARN_UNDECLARED_SELECTOR = YES;
				GCC_WARN_UNINITIALIZED_AUTOS = YES_AGGRESSIVE;
				GCC_WARN_UNUSED_FUNCTION = YES;
				GCC_WARN_UNUSED_VARIABLE = YES;
				IPHONEOS_DEPLOYMENT_TARGET = 9.3;
				MTL_ENABLE_DEBUG_INFO = NO;
				SDKROOT = iphoneos;
				TARGETED_DEVICE_FAMILY = "1,2";
				VALIDATE_PRODUCT = YES;
			};
			name = Release;
		};
		1CC2D69E1CF3BB3000717CD0 /* Debug */ = {
			isa = XCBuildConfiguration;
			buildSettings = {
				ASSETCATALOG_COMPILER_APPICON_NAME = AppIcon;
				INFOPLIST_FILE = AnimationClub_Tableview/Info.plist;
				LD_RUNPATH_SEARCH_PATHS = "$(inherited) @executable_path/Frameworks";
				PRODUCT_BUNDLE_IDENTIFIER = "io.intrepid.AnimationClub-Tableview";
				PRODUCT_NAME = "$(TARGET_NAME)";
			};
			name = Debug;
		};
		1CC2D69F1CF3BB3000717CD0 /* Release */ = {
			isa = XCBuildConfiguration;
			buildSettings = {
				ASSETCATALOG_COMPILER_APPICON_NAME = AppIcon;
				INFOPLIST_FILE = AnimationClub_Tableview/Info.plist;
				LD_RUNPATH_SEARCH_PATHS = "$(inherited) @executable_path/Frameworks";
				PRODUCT_BUNDLE_IDENTIFIER = "io.intrepid.AnimationClub-Tableview";
				PRODUCT_NAME = "$(TARGET_NAME)";
			};
			name = Release;
		};
/* End XCBuildConfiguration section */

/* Begin XCConfigurationList section */
		1CC2D6861CF3BB3000717CD0 /* Build configuration list for PBXProject "AnimationClub_Tableview" */ = {
			isa = XCConfigurationList;
			buildConfigurations = (
				1CC2D69B1CF3BB3000717CD0 /* Debug */,
				1CC2D69C1CF3BB3000717CD0 /* Release */,
			);
			defaultConfigurationIsVisible = 0;
			defaultConfigurationName = Release;
		};
		1CC2D69D1CF3BB3000717CD0 /* Build configuration list for PBXNativeTarget "AnimationClub_Tableview" */ = {
			isa = XCConfigurationList;
			buildConfigurations = (
				1CC2D69E1CF3BB3000717CD0 /* Debug */,
				1CC2D69F1CF3BB3000717CD0 /* Release */,
			);
			defaultConfigurationIsVisible = 0;
			defaultConfigurationName = Release;
		};
/* End XCConfigurationList section */
	};
	rootObject = 1CC2D6831CF3BB3000717CD0 /* Project object */;
}
